// !$*UTF8*$!
{
	archiveVersion = 1;
	classes = {
	};
	objectVersion = 48;
	objects = {

/* Begin PBXBuildFile section */
		700082721F20A46C0027BE98 /* EditCurrencyViewController.swift in Sources */ = {isa = PBXBuildFile; fileRef = 700082711F20A46C0027BE98 /* EditCurrencyViewController.swift */; };
		700082741F21573E0027BE98 /* EditInfo.swift in Sources */ = {isa = PBXBuildFile; fileRef = 700082731F21573E0027BE98 /* EditInfo.swift */; };
		709C32911F1F5A7C004BD25A /* CurrencyConversion.swift in Sources */ = {isa = PBXBuildFile; fileRef = 709C32901F1F5A7C004BD25A /* CurrencyConversion.swift */; };
		709C32931F1F5A83004BD25A /* CurrencyTableViewCell.swift in Sources */ = {isa = PBXBuildFile; fileRef = 709C32921F1F5A83004BD25A /* CurrencyTableViewCell.swift */; };
		709C32951F1F5A8F004BD25A /* CurrencyTableViewController.swift in Sources */ = {isa = PBXBuildFile; fileRef = 709C32941F1F5A8F004BD25A /* CurrencyTableViewController.swift */; };
		709C32971F1F5AB2004BD25A /* helper.swift in Sources */ = {isa = PBXBuildFile; fileRef = 709C32961F1F5AB2004BD25A /* helper.swift */; };
		70E3C4BE1F20083900110E62 /* ViewController.swift in Sources */ = {isa = PBXBuildFile; fileRef = 70E3C4BD1F20083900110E62 /* ViewController.swift */; };
		8F2AF5341501D16F8896AFC8 /* Pods_CoinPushTests.framework in Frameworks */ = {isa = PBXBuildFile; fileRef = 0CD0C26C36C11E1D1295E063 /* Pods_CoinPushTests.framework */; };
		922868F0E061B2AF79CAA723 /* Pods_CoinPush.framework in Frameworks */ = {isa = PBXBuildFile; fileRef = 7B7FF273B6904815E4D77024 /* Pods_CoinPush.framework */; };
		DCBBBB9C37D95BE978B43815 /* Pods_CoinPushUITests.framework in Frameworks */ = {isa = PBXBuildFile; fileRef = 9FF4F7D6C02918D949C73630 /* Pods_CoinPushUITests.framework */; };
		FB0F30CC1F0E252D0047396B /* GoogleService-Info.plist in Resources */ = {isa = PBXBuildFile; fileRef = FB0F30CB1F0E252D0047396B /* GoogleService-Info.plist */; };
		FB4966501F0304A5008CD42B /* AppDelegate.swift in Sources */ = {isa = PBXBuildFile; fileRef = FB49664F1F0304A5008CD42B /* AppDelegate.swift */; };
		FB4966551F0304A5008CD42B /* Main.storyboard in Resources */ = {isa = PBXBuildFile; fileRef = FB4966531F0304A5008CD42B /* Main.storyboard */; };
		FB4966571F0304A5008CD42B /* Assets.xcassets in Resources */ = {isa = PBXBuildFile; fileRef = FB4966561F0304A5008CD42B /* Assets.xcassets */; };
		FB49665A1F0304A5008CD42B /* LaunchScreen.storyboard in Resources */ = {isa = PBXBuildFile; fileRef = FB4966581F0304A5008CD42B /* LaunchScreen.storyboard */; };
		FB4966651F0304A5008CD42B /* CoinPushTests.swift in Sources */ = {isa = PBXBuildFile; fileRef = FB4966641F0304A5008CD42B /* CoinPushTests.swift */; };
		FB4966701F0304A5008CD42B /* CoinPushUITests.swift in Sources */ = {isa = PBXBuildFile; fileRef = FB49666F1F0304A5008CD42B /* CoinPushUITests.swift */; };
/* End PBXBuildFile section */

/* Begin PBXContainerItemProxy section */
		FB4966611F0304A5008CD42B /* PBXContainerItemProxy */ = {
			isa = PBXContainerItemProxy;
			containerPortal = FB4966441F0304A5008CD42B /* Project object */;
			proxyType = 1;
			remoteGlobalIDString = FB49664B1F0304A5008CD42B;
			remoteInfo = CoinPush;
		};
		FB49666C1F0304A5008CD42B /* PBXContainerItemProxy */ = {
			isa = PBXContainerItemProxy;
			containerPortal = FB4966441F0304A5008CD42B /* Project object */;
			proxyType = 1;
			remoteGlobalIDString = FB49664B1F0304A5008CD42B;
			remoteInfo = CoinPush;
		};
/* End PBXContainerItemProxy section */

/* Begin PBXCopyFilesBuildPhase section */
		FB49669D1F0304A6008CD42B /* Embed Watch Content */ = {
			isa = PBXCopyFilesBuildPhase;
			buildActionMask = 2147483647;
			dstPath = "$(CONTENTS_FOLDER_PATH)/Watch";
			dstSubfolderSpec = 16;
			files = (
			);
			name = "Embed Watch Content";
			runOnlyForDeploymentPostprocessing = 0;
		};
/* End PBXCopyFilesBuildPhase section */

/* Begin PBXFileReference section */
		0CD0C26C36C11E1D1295E063 /* Pods_CoinPushTests.framework */ = {isa = PBXFileReference; explicitFileType = wrapper.framework; includeInIndex = 0; path = Pods_CoinPushTests.framework; sourceTree = BUILT_PRODUCTS_DIR; };
		0DFC4B2559C6B81AE6575BF3 /* Pods-CoinPush Watch app.debug.xcconfig */ = {isa = PBXFileReference; includeInIndex = 1; lastKnownFileType = text.xcconfig; name = "Pods-CoinPush Watch app.debug.xcconfig"; path = "Pods/Target Support Files/Pods-CoinPush Watch app/Pods-CoinPush Watch app.debug.xcconfig"; sourceTree = "<group>"; };
		190A758CFCD9D2B81B3E3D3B /* Pods-CoinPush.release.xcconfig */ = {isa = PBXFileReference; includeInIndex = 1; lastKnownFileType = text.xcconfig; name = "Pods-CoinPush.release.xcconfig"; path = "Pods/Target Support Files/Pods-CoinPush/Pods-CoinPush.release.xcconfig"; sourceTree = "<group>"; };
		28F59654104B51CF7D10C146 /* Pods-CoinPush Watch app.release.xcconfig */ = {isa = PBXFileReference; includeInIndex = 1; lastKnownFileType = text.xcconfig; name = "Pods-CoinPush Watch app.release.xcconfig"; path = "Pods/Target Support Files/Pods-CoinPush Watch app/Pods-CoinPush Watch app.release.xcconfig"; sourceTree = "<group>"; };
		3A7668084F953BFBC9BA1B86 /* Pods-CoinPush.debug.xcconfig */ = {isa = PBXFileReference; includeInIndex = 1; lastKnownFileType = text.xcconfig; name = "Pods-CoinPush.debug.xcconfig"; path = "Pods/Target Support Files/Pods-CoinPush/Pods-CoinPush.debug.xcconfig"; sourceTree = "<group>"; };
		700082711F20A46C0027BE98 /* EditCurrencyViewController.swift */ = {isa = PBXFileReference; fileEncoding = 4; lastKnownFileType = sourcecode.swift; name = EditCurrencyViewController.swift; path = ../EditCurrencyViewController.swift; sourceTree = "<group>"; };
		700082731F21573E0027BE98 /* EditInfo.swift */ = {isa = PBXFileReference; fileEncoding = 4; lastKnownFileType = sourcecode.swift; path = EditInfo.swift; sourceTree = "<group>"; };
		700299981F0B8D23006DD656 /* CoinPush.entitlements */ = {isa = PBXFileReference; lastKnownFileType = text.plist.entitlements; path = CoinPush.entitlements; sourceTree = "<group>"; };
		709C32901F1F5A7C004BD25A /* CurrencyConversion.swift */ = {isa = PBXFileReference; fileEncoding = 4; lastKnownFileType = sourcecode.swift; path = CurrencyConversion.swift; sourceTree = "<group>"; };
		709C32921F1F5A83004BD25A /* CurrencyTableViewCell.swift */ = {isa = PBXFileReference; fileEncoding = 4; lastKnownFileType = sourcecode.swift; path = CurrencyTableViewCell.swift; sourceTree = "<group>"; };
		709C32941F1F5A8F004BD25A /* CurrencyTableViewController.swift */ = {isa = PBXFileReference; fileEncoding = 4; lastKnownFileType = sourcecode.swift; path = CurrencyTableViewController.swift; sourceTree = "<group>"; };
		709C32961F1F5AB2004BD25A /* helper.swift */ = {isa = PBXFileReference; fileEncoding = 4; lastKnownFileType = sourcecode.swift; path = helper.swift; sourceTree = "<group>"; };
		70E3C4BD1F20083900110E62 /* ViewController.swift */ = {isa = PBXFileReference; fileEncoding = 4; lastKnownFileType = sourcecode.swift; path = ViewController.swift; sourceTree = "<group>"; };
		7B7FF273B6904815E4D77024 /* Pods_CoinPush.framework */ = {isa = PBXFileReference; explicitFileType = wrapper.framework; includeInIndex = 0; path = Pods_CoinPush.framework; sourceTree = BUILT_PRODUCTS_DIR; };
		7D03C0084DF652620C60593B /* Pods_CoinPush_Watch_app_Extension.framework */ = {isa = PBXFileReference; explicitFileType = wrapper.framework; includeInIndex = 0; path = Pods_CoinPush_Watch_app_Extension.framework; sourceTree = BUILT_PRODUCTS_DIR; };
		97D4136F88DFDAF69F3F519F /* Pods-CoinPushUITests.debug.xcconfig */ = {isa = PBXFileReference; includeInIndex = 1; lastKnownFileType = text.xcconfig; name = "Pods-CoinPushUITests.debug.xcconfig"; path = "Pods/Target Support Files/Pods-CoinPushUITests/Pods-CoinPushUITests.debug.xcconfig"; sourceTree = "<group>"; };
		9FF4F7D6C02918D949C73630 /* Pods_CoinPushUITests.framework */ = {isa = PBXFileReference; explicitFileType = wrapper.framework; includeInIndex = 0; path = Pods_CoinPushUITests.framework; sourceTree = BUILT_PRODUCTS_DIR; };
		A691A7111AF3CE0B1082EB6D /* Pods_CoinPush_Watch_app.framework */ = {isa = PBXFileReference; explicitFileType = wrapper.framework; includeInIndex = 0; path = Pods_CoinPush_Watch_app.framework; sourceTree = BUILT_PRODUCTS_DIR; };
		A7D0A44D6C9BFA58761DB44A /* Pods-CoinPushUITests.release.xcconfig */ = {isa = PBXFileReference; includeInIndex = 1; lastKnownFileType = text.xcconfig; name = "Pods-CoinPushUITests.release.xcconfig"; path = "Pods/Target Support Files/Pods-CoinPushUITests/Pods-CoinPushUITests.release.xcconfig"; sourceTree = "<group>"; };
		ABD6A05466999DBED4A467CE /* Pods-CoinPush Watch app Extension.release.xcconfig */ = {isa = PBXFileReference; includeInIndex = 1; lastKnownFileType = text.xcconfig; name = "Pods-CoinPush Watch app Extension.release.xcconfig"; path = "Pods/Target Support Files/Pods-CoinPush Watch app Extension/Pods-CoinPush Watch app Extension.release.xcconfig"; sourceTree = "<group>"; };
		CA519FC4C9C3B2FF4F41E074 /* Pods-CoinPushTests.release.xcconfig */ = {isa = PBXFileReference; includeInIndex = 1; lastKnownFileType = text.xcconfig; name = "Pods-CoinPushTests.release.xcconfig"; path = "Pods/Target Support Files/Pods-CoinPushTests/Pods-CoinPushTests.release.xcconfig"; sourceTree = "<group>"; };
		F56E22C348076E927AFCCF8A /* Pods-CoinPushTests.debug.xcconfig */ = {isa = PBXFileReference; includeInIndex = 1; lastKnownFileType = text.xcconfig; name = "Pods-CoinPushTests.debug.xcconfig"; path = "Pods/Target Support Files/Pods-CoinPushTests/Pods-CoinPushTests.debug.xcconfig"; sourceTree = "<group>"; };
		FB0F30CB1F0E252D0047396B /* GoogleService-Info.plist */ = {isa = PBXFileReference; fileEncoding = 4; lastKnownFileType = text.plist.xml; path = "GoogleService-Info.plist"; sourceTree = "<group>"; };
		FB49664C1F0304A5008CD42B /* CoinPush.app */ = {isa = PBXFileReference; explicitFileType = wrapper.application; includeInIndex = 0; path = CoinPush.app; sourceTree = BUILT_PRODUCTS_DIR; };
		FB49664F1F0304A5008CD42B /* AppDelegate.swift */ = {isa = PBXFileReference; lastKnownFileType = sourcecode.swift; path = AppDelegate.swift; sourceTree = "<group>"; };
		FB4966541F0304A5008CD42B /* Base */ = {isa = PBXFileReference; lastKnownFileType = file.storyboard; name = Base; path = Base.lproj/Main.storyboard; sourceTree = "<group>"; };
		FB4966561F0304A5008CD42B /* Assets.xcassets */ = {isa = PBXFileReference; lastKnownFileType = folder.assetcatalog; path = Assets.xcassets; sourceTree = "<group>"; };
		FB4966591F0304A5008CD42B /* Base */ = {isa = PBXFileReference; lastKnownFileType = file.storyboard; name = Base; path = Base.lproj/LaunchScreen.storyboard; sourceTree = "<group>"; };
		FB49665B1F0304A5008CD42B /* Info.plist */ = {isa = PBXFileReference; lastKnownFileType = text.plist.xml; path = Info.plist; sourceTree = "<group>"; };
		FB4966601F0304A5008CD42B /* CoinPushTests.xctest */ = {isa = PBXFileReference; explicitFileType = wrapper.cfbundle; includeInIndex = 0; path = CoinPushTests.xctest; sourceTree = BUILT_PRODUCTS_DIR; };
		FB4966641F0304A5008CD42B /* CoinPushTests.swift */ = {isa = PBXFileReference; lastKnownFileType = sourcecode.swift; path = CoinPushTests.swift; sourceTree = "<group>"; };
		FB4966661F0304A5008CD42B /* Info.plist */ = {isa = PBXFileReference; lastKnownFileType = text.plist.xml; path = Info.plist; sourceTree = "<group>"; };
		FB49666B1F0304A5008CD42B /* CoinPushUITests.xctest */ = {isa = PBXFileReference; explicitFileType = wrapper.cfbundle; includeInIndex = 0; path = CoinPushUITests.xctest; sourceTree = BUILT_PRODUCTS_DIR; };
		FB49666F1F0304A5008CD42B /* CoinPushUITests.swift */ = {isa = PBXFileReference; lastKnownFileType = sourcecode.swift; path = CoinPushUITests.swift; sourceTree = "<group>"; };
		FB4966711F0304A5008CD42B /* Info.plist */ = {isa = PBXFileReference; lastKnownFileType = text.plist.xml; path = Info.plist; sourceTree = "<group>"; };
		FDE1D0FD07DC3F6D6998266B /* Pods-CoinPush Watch app Extension.debug.xcconfig */ = {isa = PBXFileReference; includeInIndex = 1; lastKnownFileType = text.xcconfig; name = "Pods-CoinPush Watch app Extension.debug.xcconfig"; path = "Pods/Target Support Files/Pods-CoinPush Watch app Extension/Pods-CoinPush Watch app Extension.debug.xcconfig"; sourceTree = "<group>"; };
/* End PBXFileReference section */

/* Begin PBXFrameworksBuildPhase section */
		FB4966491F0304A5008CD42B /* Frameworks */ = {
			isa = PBXFrameworksBuildPhase;
			buildActionMask = 2147483647;
			files = (
				922868F0E061B2AF79CAA723 /* Pods_CoinPush.framework in Frameworks */,
			);
			runOnlyForDeploymentPostprocessing = 0;
		};
		FB49665D1F0304A5008CD42B /* Frameworks */ = {
			isa = PBXFrameworksBuildPhase;
			buildActionMask = 2147483647;
			files = (
				8F2AF5341501D16F8896AFC8 /* Pods_CoinPushTests.framework in Frameworks */,
			);
			runOnlyForDeploymentPostprocessing = 0;
		};
		FB4966681F0304A5008CD42B /* Frameworks */ = {
			isa = PBXFrameworksBuildPhase;
			buildActionMask = 2147483647;
			files = (
				DCBBBB9C37D95BE978B43815 /* Pods_CoinPushUITests.framework in Frameworks */,
			);
			runOnlyForDeploymentPostprocessing = 0;
		};
/* End PBXFrameworksBuildPhase section */

/* Begin PBXGroup section */
		A6473414BED92188CB7F55AF /* Pods */ = {
			isa = PBXGroup;
			children = (
				3A7668084F953BFBC9BA1B86 /* Pods-CoinPush.debug.xcconfig */,
				190A758CFCD9D2B81B3E3D3B /* Pods-CoinPush.release.xcconfig */,
				0DFC4B2559C6B81AE6575BF3 /* Pods-CoinPush Watch app.debug.xcconfig */,
				28F59654104B51CF7D10C146 /* Pods-CoinPush Watch app.release.xcconfig */,
				FDE1D0FD07DC3F6D6998266B /* Pods-CoinPush Watch app Extension.debug.xcconfig */,
				ABD6A05466999DBED4A467CE /* Pods-CoinPush Watch app Extension.release.xcconfig */,
				F56E22C348076E927AFCCF8A /* Pods-CoinPushTests.debug.xcconfig */,
				CA519FC4C9C3B2FF4F41E074 /* Pods-CoinPushTests.release.xcconfig */,
				97D4136F88DFDAF69F3F519F /* Pods-CoinPushUITests.debug.xcconfig */,
				A7D0A44D6C9BFA58761DB44A /* Pods-CoinPushUITests.release.xcconfig */,
			);
			name = Pods;
			sourceTree = "<group>";
		};
		EE51DAC5F27AB6E1B2E23E54 /* Frameworks */ = {
			isa = PBXGroup;
			children = (
				7B7FF273B6904815E4D77024 /* Pods_CoinPush.framework */,
				A691A7111AF3CE0B1082EB6D /* Pods_CoinPush_Watch_app.framework */,
				7D03C0084DF652620C60593B /* Pods_CoinPush_Watch_app_Extension.framework */,
				0CD0C26C36C11E1D1295E063 /* Pods_CoinPushTests.framework */,
				9FF4F7D6C02918D949C73630 /* Pods_CoinPushUITests.framework */,
			);
			name = Frameworks;
			sourceTree = "<group>";
		};
		FB4966431F0304A5008CD42B = {
			isa = PBXGroup;
			children = (
				FB49664E1F0304A5008CD42B /* CoinPush */,
				FB4966631F0304A5008CD42B /* CoinPushTests */,
				FB49666E1F0304A5008CD42B /* CoinPushUITests */,
				FB49664D1F0304A5008CD42B /* Products */,
				A6473414BED92188CB7F55AF /* Pods */,
				EE51DAC5F27AB6E1B2E23E54 /* Frameworks */,
			);
			sourceTree = "<group>";
		};
		FB49664D1F0304A5008CD42B /* Products */ = {
			isa = PBXGroup;
			children = (
				FB49664C1F0304A5008CD42B /* CoinPush.app */,
				FB4966601F0304A5008CD42B /* CoinPushTests.xctest */,
				FB49666B1F0304A5008CD42B /* CoinPushUITests.xctest */,
			);
			name = Products;
			sourceTree = "<group>";
		};
		FB49664E1F0304A5008CD42B /* CoinPush */ = {
			isa = PBXGroup;
			children = (
				700299981F0B8D23006DD656 /* CoinPush.entitlements */,
				FB49664F1F0304A5008CD42B /* AppDelegate.swift */,
				709C32901F1F5A7C004BD25A /* CurrencyConversion.swift */,
				FB4966531F0304A5008CD42B /* Main.storyboard */,
				709C32941F1F5A8F004BD25A /* CurrencyTableViewController.swift */,
				709C32921F1F5A83004BD25A /* CurrencyTableViewCell.swift */,
				70E3C4BD1F20083900110E62 /* ViewController.swift */,
				700082711F20A46C0027BE98 /* EditCurrencyViewController.swift */,
				709C32961F1F5AB2004BD25A /* helper.swift */,
				FB4966561F0304A5008CD42B /* Assets.xcassets */,
				FB4966581F0304A5008CD42B /* LaunchScreen.storyboard */,
				FB49665B1F0304A5008CD42B /* Info.plist */,
				FB0F30CB1F0E252D0047396B /* GoogleService-Info.plist */,
				700082731F21573E0027BE98 /* EditInfo.swift */,
			);
			path = CoinPush;
			sourceTree = "<group>";
		};
		FB4966631F0304A5008CD42B /* CoinPushTests */ = {
			isa = PBXGroup;
			children = (
				FB4966641F0304A5008CD42B /* CoinPushTests.swift */,
				FB4966661F0304A5008CD42B /* Info.plist */,
			);
			path = CoinPushTests;
			sourceTree = "<group>";
		};
		FB49666E1F0304A5008CD42B /* CoinPushUITests */ = {
			isa = PBXGroup;
			children = (
				FB49666F1F0304A5008CD42B /* CoinPushUITests.swift */,
				FB4966711F0304A5008CD42B /* Info.plist */,
			);
			path = CoinPushUITests;
			sourceTree = "<group>";
		};
/* End PBXGroup section */

/* Begin PBXNativeTarget section */
		FB49664B1F0304A5008CD42B /* CoinPush */ = {
			isa = PBXNativeTarget;
			buildConfigurationList = FB49669E1F0304A6008CD42B /* Build configuration list for PBXNativeTarget "CoinPush" */;
			buildPhases = (
				3C9D809C2AEBA4BF68A5199B /* [CP] Check Pods Manifest.lock */,
				FB4966481F0304A5008CD42B /* Sources */,
				FB4966491F0304A5008CD42B /* Frameworks */,
				FB49664A1F0304A5008CD42B /* Resources */,
				FB49669D1F0304A6008CD42B /* Embed Watch Content */,
				8898C583DD4A22D32AA56029 /* [CP] Embed Pods Frameworks */,
				60C817421FBDA32EE763E002 /* [CP] Copy Pods Resources */,
			);
			buildRules = (
			);
			dependencies = (
			);
			name = CoinPush;
			productName = CoinPush;
			productReference = FB49664C1F0304A5008CD42B /* CoinPush.app */;
			productType = "com.apple.product-type.application";
		};
		FB49665F1F0304A5008CD42B /* CoinPushTests */ = {
			isa = PBXNativeTarget;
			buildConfigurationList = FB4966A11F0304A6008CD42B /* Build configuration list for PBXNativeTarget "CoinPushTests" */;
			buildPhases = (
				459DED42AE33282EF04D7369 /* [CP] Check Pods Manifest.lock */,
				FB49665C1F0304A5008CD42B /* Sources */,
				FB49665D1F0304A5008CD42B /* Frameworks */,
				FB49665E1F0304A5008CD42B /* Resources */,
				F44E4FF29A146F6F14D81496 /* [CP] Embed Pods Frameworks */,
				7A83A1EFC07951E3867536AA /* [CP] Copy Pods Resources */,
			);
			buildRules = (
			);
			dependencies = (
				FB4966621F0304A5008CD42B /* PBXTargetDependency */,
			);
			name = CoinPushTests;
			productName = CoinPushTests;
			productReference = FB4966601F0304A5008CD42B /* CoinPushTests.xctest */;
			productType = "com.apple.product-type.bundle.unit-test";
		};
		FB49666A1F0304A5008CD42B /* CoinPushUITests */ = {
			isa = PBXNativeTarget;
			buildConfigurationList = FB4966A41F0304A6008CD42B /* Build configuration list for PBXNativeTarget "CoinPushUITests" */;
			buildPhases = (
				45709307EED194DF653378E3 /* [CP] Check Pods Manifest.lock */,
				FB4966671F0304A5008CD42B /* Sources */,
				FB4966681F0304A5008CD42B /* Frameworks */,
				FB4966691F0304A5008CD42B /* Resources */,
				E89898324F02D8C7B5BC5BF3 /* [CP] Embed Pods Frameworks */,
				EF8ACFE00F76673BA017C638 /* [CP] Copy Pods Resources */,
			);
			buildRules = (
			);
			dependencies = (
				FB49666D1F0304A5008CD42B /* PBXTargetDependency */,
			);
			name = CoinPushUITests;
			productName = CoinPushUITests;
			productReference = FB49666B1F0304A5008CD42B /* CoinPushUITests.xctest */;
			productType = "com.apple.product-type.bundle.ui-testing";
		};
/* End PBXNativeTarget section */

/* Begin PBXProject section */
		FB4966441F0304A5008CD42B /* Project object */ = {
			isa = PBXProject;
			attributes = {
				LastSwiftUpdateCheck = 0830;
				LastUpgradeCheck = 0900;
				ORGANIZATIONNAME = "Goods and Services";
				TargetAttributes = {
					FB49664B1F0304A5008CD42B = {
						CreatedOnToolsVersion = 9.0;
						SystemCapabilities = {
							com.apple.Push = {
								enabled = 1;
							};
						};
					};
					FB49665F1F0304A5008CD42B = {
						CreatedOnToolsVersion = 9.0;
						TestTargetID = FB49664B1F0304A5008CD42B;
					};
					FB49666A1F0304A5008CD42B = {
						CreatedOnToolsVersion = 9.0;
						TestTargetID = FB49664B1F0304A5008CD42B;
					};
				};
			};
			buildConfigurationList = FB4966471F0304A5008CD42B /* Build configuration list for PBXProject "CoinPush" */;
			compatibilityVersion = "Xcode 8.0";
			developmentRegion = en;
			hasScannedForEncodings = 0;
			knownRegions = (
				en,
				Base,
			);
			mainGroup = FB4966431F0304A5008CD42B;
			productRefGroup = FB49664D1F0304A5008CD42B /* Products */;
			projectDirPath = "";
			projectRoot = "";
			targets = (
				FB49664B1F0304A5008CD42B /* CoinPush */,
				FB49665F1F0304A5008CD42B /* CoinPushTests */,
				FB49666A1F0304A5008CD42B /* CoinPushUITests */,
			);
		};
/* End PBXProject section */

/* Begin PBXResourcesBuildPhase section */
		FB49664A1F0304A5008CD42B /* Resources */ = {
			isa = PBXResourcesBuildPhase;
			buildActionMask = 2147483647;
			files = (
				FB49665A1F0304A5008CD42B /* LaunchScreen.storyboard in Resources */,
				FB0F30CC1F0E252D0047396B /* GoogleService-Info.plist in Resources */,
				FB4966571F0304A5008CD42B /* Assets.xcassets in Resources */,
				FB4966551F0304A5008CD42B /* Main.storyboard in Resources */,
			);
			runOnlyForDeploymentPostprocessing = 0;
		};
		FB49665E1F0304A5008CD42B /* Resources */ = {
			isa = PBXResourcesBuildPhase;
			buildActionMask = 2147483647;
			files = (
			);
			runOnlyForDeploymentPostprocessing = 0;
		};
		FB4966691F0304A5008CD42B /* Resources */ = {
			isa = PBXResourcesBuildPhase;
			buildActionMask = 2147483647;
			files = (
			);
			runOnlyForDeploymentPostprocessing = 0;
		};
/* End PBXResourcesBuildPhase section */

/* Begin PBXShellScriptBuildPhase section */
		3C9D809C2AEBA4BF68A5199B /* [CP] Check Pods Manifest.lock */ = {
			isa = PBXShellScriptBuildPhase;
			buildActionMask = 2147483647;
			files = (
			);
			inputPaths = (
			);
			name = "[CP] Check Pods Manifest.lock";
			outputPaths = (
			);
			runOnlyForDeploymentPostprocessing = 0;
			shellPath = /bin/sh;
			shellScript = "diff \"${PODS_PODFILE_DIR_PATH}/Podfile.lock\" \"${PODS_ROOT}/Manifest.lock\" > /dev/null\nif [ $? != 0 ] ; then\n    # print error to STDERR\n    echo \"error: The sandbox is not in sync with the Podfile.lock. Run 'pod install' or update your CocoaPods installation.\" >&2\n    exit 1\nfi\n";
			showEnvVarsInLog = 0;
		};
		45709307EED194DF653378E3 /* [CP] Check Pods Manifest.lock */ = {
			isa = PBXShellScriptBuildPhase;
			buildActionMask = 2147483647;
			files = (
			);
			inputPaths = (
			);
			name = "[CP] Check Pods Manifest.lock";
			outputPaths = (
			);
			runOnlyForDeploymentPostprocessing = 0;
			shellPath = /bin/sh;
			shellScript = "diff \"${PODS_PODFILE_DIR_PATH}/Podfile.lock\" \"${PODS_ROOT}/Manifest.lock\" > /dev/null\nif [ $? != 0 ] ; then\n    # print error to STDERR\n    echo \"error: The sandbox is not in sync with the Podfile.lock. Run 'pod install' or update your CocoaPods installation.\" >&2\n    exit 1\nfi\n";
			showEnvVarsInLog = 0;
		};
		459DED42AE33282EF04D7369 /* [CP] Check Pods Manifest.lock */ = {
			isa = PBXShellScriptBuildPhase;
			buildActionMask = 2147483647;
			files = (
			);
			inputPaths = (
			);
			name = "[CP] Check Pods Manifest.lock";
			outputPaths = (
			);
			runOnlyForDeploymentPostprocessing = 0;
			shellPath = /bin/sh;
			shellScript = "diff \"${PODS_PODFILE_DIR_PATH}/Podfile.lock\" \"${PODS_ROOT}/Manifest.lock\" > /dev/null\nif [ $? != 0 ] ; then\n    # print error to STDERR\n    echo \"error: The sandbox is not in sync with the Podfile.lock. Run 'pod install' or update your CocoaPods installation.\" >&2\n    exit 1\nfi\n";
			showEnvVarsInLog = 0;
		};
		60C817421FBDA32EE763E002 /* [CP] Copy Pods Resources */ = {
			isa = PBXShellScriptBuildPhase;
			buildActionMask = 2147483647;
			files = (
			);
			inputPaths = (
			);
			name = "[CP] Copy Pods Resources";
			outputPaths = (
			);
			runOnlyForDeploymentPostprocessing = 0;
			shellPath = /bin/sh;
			shellScript = "\"${SRCROOT}/Pods/Target Support Files/Pods-CoinPush/Pods-CoinPush-resources.sh\"\n";
			showEnvVarsInLog = 0;
		};
		7A83A1EFC07951E3867536AA /* [CP] Copy Pods Resources */ = {
			isa = PBXShellScriptBuildPhase;
			buildActionMask = 2147483647;
			files = (
			);
			inputPaths = (
			);
			name = "[CP] Copy Pods Resources";
			outputPaths = (
			);
			runOnlyForDeploymentPostprocessing = 0;
			shellPath = /bin/sh;
			shellScript = "\"${SRCROOT}/Pods/Target Support Files/Pods-CoinPushTests/Pods-CoinPushTests-resources.sh\"\n";
			showEnvVarsInLog = 0;
		};
		8898C583DD4A22D32AA56029 /* [CP] Embed Pods Frameworks */ = {
			isa = PBXShellScriptBuildPhase;
			buildActionMask = 2147483647;
			files = (
			);
			inputPaths = (
			);
			name = "[CP] Embed Pods Frameworks";
			outputPaths = (
			);
			runOnlyForDeploymentPostprocessing = 0;
			shellPath = /bin/sh;
			shellScript = "\"${SRCROOT}/Pods/Target Support Files/Pods-CoinPush/Pods-CoinPush-frameworks.sh\"\n";
			showEnvVarsInLog = 0;
		};
		E89898324F02D8C7B5BC5BF3 /* [CP] Embed Pods Frameworks */ = {
			isa = PBXShellScriptBuildPhase;
			buildActionMask = 2147483647;
			files = (
			);
			inputPaths = (
			);
			name = "[CP] Embed Pods Frameworks";
			outputPaths = (
			);
			runOnlyForDeploymentPostprocessing = 0;
			shellPath = /bin/sh;
			shellScript = "\"${SRCROOT}/Pods/Target Support Files/Pods-CoinPushUITests/Pods-CoinPushUITests-frameworks.sh\"\n";
			showEnvVarsInLog = 0;
		};
		EF8ACFE00F76673BA017C638 /* [CP] Copy Pods Resources */ = {
			isa = PBXShellScriptBuildPhase;
			buildActionMask = 2147483647;
			files = (
			);
			inputPaths = (
			);
			name = "[CP] Copy Pods Resources";
			outputPaths = (
			);
			runOnlyForDeploymentPostprocessing = 0;
			shellPath = /bin/sh;
			shellScript = "\"${SRCROOT}/Pods/Target Support Files/Pods-CoinPushUITests/Pods-CoinPushUITests-resources.sh\"\n";
			showEnvVarsInLog = 0;
		};
		F44E4FF29A146F6F14D81496 /* [CP] Embed Pods Frameworks */ = {
			isa = PBXShellScriptBuildPhase;
			buildActionMask = 2147483647;
			files = (
			);
			inputPaths = (
			);
			name = "[CP] Embed Pods Frameworks";
			outputPaths = (
			);
			runOnlyForDeploymentPostprocessing = 0;
			shellPath = /bin/sh;
			shellScript = "\"${SRCROOT}/Pods/Target Support Files/Pods-CoinPushTests/Pods-CoinPushTests-frameworks.sh\"\n";
			showEnvVarsInLog = 0;
		};
/* End PBXShellScriptBuildPhase section */

/* Begin PBXSourcesBuildPhase section */
		FB4966481F0304A5008CD42B /* Sources */ = {
			isa = PBXSourcesBuildPhase;
			buildActionMask = 2147483647;
			files = (
				70E3C4BE1F20083900110E62 /* ViewController.swift in Sources */,
				709C32951F1F5A8F004BD25A /* CurrencyTableViewController.swift in Sources */,
				709C32911F1F5A7C004BD25A /* CurrencyConversion.swift in Sources */,
				700082741F21573E0027BE98 /* EditInfo.swift in Sources */,
				709C32971F1F5AB2004BD25A /* helper.swift in Sources */,
				709C32931F1F5A83004BD25A /* CurrencyTableViewCell.swift in Sources */,
				700082721F20A46C0027BE98 /* EditCurrencyViewController.swift in Sources */,
				FB4966501F0304A5008CD42B /* AppDelegate.swift in Sources */,
			);
			runOnlyForDeploymentPostprocessing = 0;
		};
		FB49665C1F0304A5008CD42B /* Sources */ = {
			isa = PBXSourcesBuildPhase;
			buildActionMask = 2147483647;
			files = (
				FB4966651F0304A5008CD42B /* CoinPushTests.swift in Sources */,
			);
			runOnlyForDeploymentPostprocessing = 0;
		};
		FB4966671F0304A5008CD42B /* Sources */ = {
			isa = PBXSourcesBuildPhase;
			buildActionMask = 2147483647;
			files = (
				FB4966701F0304A5008CD42B /* CoinPushUITests.swift in Sources */,
			);
			runOnlyForDeploymentPostprocessing = 0;
		};
/* End PBXSourcesBuildPhase section */

/* Begin PBXTargetDependency section */
		FB4966621F0304A5008CD42B /* PBXTargetDependency */ = {
			isa = PBXTargetDependency;
			target = FB49664B1F0304A5008CD42B /* CoinPush */;
			targetProxy = FB4966611F0304A5008CD42B /* PBXContainerItemProxy */;
		};
		FB49666D1F0304A5008CD42B /* PBXTargetDependency */ = {
			isa = PBXTargetDependency;
			target = FB49664B1F0304A5008CD42B /* CoinPush */;
			targetProxy = FB49666C1F0304A5008CD42B /* PBXContainerItemProxy */;
		};
/* End PBXTargetDependency section */

/* Begin PBXVariantGroup section */
		FB4966531F0304A5008CD42B /* Main.storyboard */ = {
			isa = PBXVariantGroup;
			children = (
				FB4966541F0304A5008CD42B /* Base */,
			);
			name = Main.storyboard;
			sourceTree = "<group>";
		};
		FB4966581F0304A5008CD42B /* LaunchScreen.storyboard */ = {
			isa = PBXVariantGroup;
			children = (
				FB4966591F0304A5008CD42B /* Base */,
			);
			name = LaunchScreen.storyboard;
			sourceTree = "<group>";
		};
/* End PBXVariantGroup section */

/* Begin XCBuildConfiguration section */
		FB4966941F0304A6008CD42B /* Debug */ = {
			isa = XCBuildConfiguration;
			buildSettings = {
				ALWAYS_SEARCH_USER_PATHS = NO;
				CLANG_ANALYZER_NONNULL = YES;
				CLANG_ANALYZER_NUMBER_OBJECT_CONVERSION = YES_AGGRESSIVE;
				CLANG_CXX_LANGUAGE_STANDARD = "gnu++14";
				CLANG_CXX_LIBRARY = "libc++";
				CLANG_ENABLE_MODULES = YES;
				CLANG_ENABLE_OBJC_ARC = YES;
				CLANG_WARN_BLOCK_CAPTURE_AUTORELEASING = YES;
				CLANG_WARN_BOOL_CONVERSION = YES;
				CLANG_WARN_COMMA = YES;
				CLANG_WARN_CONSTANT_CONVERSION = YES;
				CLANG_WARN_DIRECT_OBJC_ISA_USAGE = YES_ERROR;
				CLANG_WARN_DOCUMENTATION_COMMENTS = YES;
				CLANG_WARN_EMPTY_BODY = YES;
				CLANG_WARN_ENUM_CONVERSION = YES;
				CLANG_WARN_INFINITE_RECURSION = YES;
				CLANG_WARN_INT_CONVERSION = YES;
				CLANG_WARN_OBJC_ROOT_CLASS = YES_ERROR;
				CLANG_WARN_RANGE_LOOP_ANALYSIS = YES;
				CLANG_WARN_STRICT_PROTOTYPES = YES;
				CLANG_WARN_SUSPICIOUS_MOVE = YES;
				CLANG_WARN_UNGUARDED_AVAILABILITY = YES_AGGRESSIVE;
				CLANG_WARN_UNREACHABLE_CODE = YES;
				CLANG_WARN__DUPLICATE_METHOD_MATCH = YES;
				CODE_SIGN_IDENTITY = "iPhone Developer";
				COPY_PHASE_STRIP = NO;
				DEBUG_INFORMATION_FORMAT = dwarf;
				ENABLE_STRICT_OBJC_MSGSEND = YES;
				ENABLE_TESTABILITY = YES;
				GCC_C_LANGUAGE_STANDARD = gnu11;
				GCC_DYNAMIC_NO_PIC = NO;
				GCC_NO_COMMON_BLOCKS = YES;
				GCC_OPTIMIZATION_LEVEL = 0;
				GCC_PREPROCESSOR_DEFINITIONS = (
					"DEBUG=1",
					"$(inherited)",
				);
				GCC_WARN_64_TO_32_BIT_CONVERSION = YES;
				GCC_WARN_ABOUT_RETURN_TYPE = YES_ERROR;
				GCC_WARN_UNDECLARED_SELECTOR = YES;
				GCC_WARN_UNINITIALIZED_AUTOS = YES_AGGRESSIVE;
				GCC_WARN_UNUSED_FUNCTION = YES;
				GCC_WARN_UNUSED_VARIABLE = YES;
				IPHONEOS_DEPLOYMENT_TARGET = 11.0;
				MTL_ENABLE_DEBUG_INFO = YES;
				ONLY_ACTIVE_ARCH = YES;
				SDKROOT = iphoneos;
				SWIFT_ACTIVE_COMPILATION_CONDITIONS = DEBUG;
				SWIFT_OPTIMIZATION_LEVEL = "-Onone";
			};
			name = Debug;
		};
		FB4966951F0304A6008CD42B /* Release */ = {
			isa = XCBuildConfiguration;
			buildSettings = {
				ALWAYS_SEARCH_USER_PATHS = NO;
				CLANG_ANALYZER_NONNULL = YES;
				CLANG_ANALYZER_NUMBER_OBJECT_CONVERSION = YES_AGGRESSIVE;
				CLANG_CXX_LANGUAGE_STANDARD = "gnu++14";
				CLANG_CXX_LIBRARY = "libc++";
				CLANG_ENABLE_MODULES = YES;
				CLANG_ENABLE_OBJC_ARC = YES;
				CLANG_WARN_BLOCK_CAPTURE_AUTORELEASING = YES;
				CLANG_WARN_BOOL_CONVERSION = YES;
				CLANG_WARN_COMMA = YES;
				CLANG_WARN_CONSTANT_CONVERSION = YES;
				CLANG_WARN_DIRECT_OBJC_ISA_USAGE = YES_ERROR;
				CLANG_WARN_DOCUMENTATION_COMMENTS = YES;
				CLANG_WARN_EMPTY_BODY = YES;
				CLANG_WARN_ENUM_CONVERSION = YES;
				CLANG_WARN_INFINITE_RECURSION = YES;
				CLANG_WARN_INT_CONVERSION = YES;
				CLANG_WARN_OBJC_ROOT_CLASS = YES_ERROR;
				CLANG_WARN_RANGE_LOOP_ANALYSIS = YES;
				CLANG_WARN_STRICT_PROTOTYPES = YES;
				CLANG_WARN_SUSPICIOUS_MOVE = YES;
				CLANG_WARN_UNGUARDED_AVAILABILITY = YES_AGGRESSIVE;
				CLANG_WARN_UNREACHABLE_CODE = YES;
				CLANG_WARN__DUPLICATE_METHOD_MATCH = YES;
				CODE_SIGN_IDENTITY = "iPhone Developer";
				COPY_PHASE_STRIP = NO;
				DEBUG_INFORMATION_FORMAT = "dwarf-with-dsym";
				ENABLE_NS_ASSERTIONS = NO;
				ENABLE_STRICT_OBJC_MSGSEND = YES;
				GCC_C_LANGUAGE_STANDARD = gnu11;
				GCC_NO_COMMON_BLOCKS = YES;
				GCC_OPTIMIZATION_LEVEL = 0;
				GCC_WARN_64_TO_32_BIT_CONVERSION = YES;
				GCC_WARN_ABOUT_RETURN_TYPE = YES_ERROR;
				GCC_WARN_UNDECLARED_SELECTOR = YES;
				GCC_WARN_UNINITIALIZED_AUTOS = YES_AGGRESSIVE;
				GCC_WARN_UNUSED_FUNCTION = YES;
				GCC_WARN_UNUSED_VARIABLE = YES;
				IPHONEOS_DEPLOYMENT_TARGET = 11.0;
				MTL_ENABLE_DEBUG_INFO = NO;
				SDKROOT = iphoneos;
				SWIFT_OPTIMIZATION_LEVEL = "-Owholemodule";
				VALIDATE_PRODUCT = YES;
			};
			name = Release;
		};
		FB49669F1F0304A6008CD42B /* Debug */ = {
			isa = XCBuildConfiguration;
			baseConfigurationReference = 3A7668084F953BFBC9BA1B86 /* Pods-CoinPush.debug.xcconfig */;
			buildSettings = {
				ASSETCATALOG_COMPILER_APPICON_NAME = AppIcon;
				CODE_SIGN_ENTITLEMENTS = CoinPush/CoinPush.entitlements;
				DEVELOPMENT_TEAM = J22DH3ZT63;
				INFOPLIST_FILE = CoinPush/Info.plist;
				IPHONEOS_DEPLOYMENT_TARGET = 8.0;
				LD_RUNPATH_SEARCH_PATHS = "$(inherited) @executable_path/Frameworks";
				PRODUCT_BUNDLE_IDENTIFIER = CoinPush;
				PRODUCT_NAME = "$(TARGET_NAME)";
				PROVISIONING_PROFILE = "";
				PROVISIONING_PROFILE_SPECIFIER = "";
				SWIFT_VERSION = 3.0;
				TARGETED_DEVICE_FAMILY = "1,2";
			};
			name = Debug;
		};
		FB4966A01F0304A6008CD42B /* Release */ = {
			isa = XCBuildConfiguration;
			baseConfigurationReference = 190A758CFCD9D2B81B3E3D3B /* Pods-CoinPush.release.xcconfig */;
			buildSettings = {
				ASSETCATALOG_COMPILER_APPICON_NAME = AppIcon;
				CODE_SIGN_ENTITLEMENTS = CoinPush/CoinPush.entitlements;
				DEVELOPMENT_TEAM = J22DH3ZT63;
				INFOPLIST_FILE = CoinPush/Info.plist;
				IPHONEOS_DEPLOYMENT_TARGET = 8.0;
				LD_RUNPATH_SEARCH_PATHS = "$(inherited) @executable_path/Frameworks";
				PRODUCT_BUNDLE_IDENTIFIER = CoinPush;
				PRODUCT_NAME = "$(TARGET_NAME)";
				PROVISIONING_PROFILE = "";
				PROVISIONING_PROFILE_SPECIFIER = "";
				SWIFT_VERSION = 3.0;
				TARGETED_DEVICE_FAMILY = "1,2";
			};
			name = Release;
		};
		FB4966A21F0304A6008CD42B /* Debug */ = {
			isa = XCBuildConfiguration;
			baseConfigurationReference = F56E22C348076E927AFCCF8A /* Pods-CoinPushTests.debug.xcconfig */;
			buildSettings = {
				ALWAYS_EMBED_SWIFT_STANDARD_LIBRARIES = YES;
				BUNDLE_LOADER = "$(TEST_HOST)";
				DEVELOPMENT_TEAM = J22DH3ZT63;
				INFOPLIST_FILE = CoinPushTests/Info.plist;
				IPHONEOS_DEPLOYMENT_TARGET = 8.0;
				LD_RUNPATH_SEARCH_PATHS = "$(inherited) @executable_path/Frameworks @loader_path/Frameworks";
				PRODUCT_BUNDLE_IDENTIFIER = "Goods-and-Services.CoinPushTests";
				PRODUCT_NAME = "$(TARGET_NAME)";
				PROVISIONING_PROFILE = "";
				SWIFT_VERSION = 3.0;
				TARGETED_DEVICE_FAMILY = "1,2";
				TEST_HOST = "$(BUILT_PRODUCTS_DIR)/CoinPush.app/CoinPush";
			};
			name = Debug;
		};
		FB4966A31F0304A6008CD42B /* Release */ = {
			isa = XCBuildConfiguration;
			baseConfigurationReference = CA519FC4C9C3B2FF4F41E074 /* Pods-CoinPushTests.release.xcconfig */;
			buildSettings = {
				ALWAYS_EMBED_SWIFT_STANDARD_LIBRARIES = YES;
				BUNDLE_LOADER = "$(TEST_HOST)";
				DEVELOPMENT_TEAM = J22DH3ZT63;
				INFOPLIST_FILE = CoinPushTests/Info.plist;
				IPHONEOS_DEPLOYMENT_TARGET = 8.0;
				LD_RUNPATH_SEARCH_PATHS = "$(inherited) @executable_path/Frameworks @loader_path/Frameworks";
				PRODUCT_BUNDLE_IDENTIFIER = "Goods-and-Services.CoinPushTests";
				PRODUCT_NAME = "$(TARGET_NAME)";
				PROVISIONING_PROFILE = "";
				SWIFT_VERSION = 3.0;
				TARGETED_DEVICE_FAMILY = "1,2";
				TEST_HOST = "$(BUILT_PRODUCTS_DIR)/CoinPush.app/CoinPush";
			};
			name = Release;
		};
		FB4966A51F0304A6008CD42B /* Debug */ = {
			isa = XCBuildConfiguration;
			baseConfigurationReference = 97D4136F88DFDAF69F3F519F /* Pods-CoinPushUITests.debug.xcconfig */;
			buildSettings = {
				ALWAYS_EMBED_SWIFT_STANDARD_LIBRARIES = YES;
				DEVELOPMENT_TEAM = J22DH3ZT63;
				INFOPLIST_FILE = CoinPushUITests/Info.plist;
				IPHONEOS_DEPLOYMENT_TARGET = 8.0;
				LD_RUNPATH_SEARCH_PATHS = "$(inherited) @executable_path/Frameworks @loader_path/Frameworks";
				PRODUCT_BUNDLE_IDENTIFIER = "Goods-and-Services.CoinPushUITests";
				PRODUCT_NAME = "$(TARGET_NAME)";
				SWIFT_VERSION = 3.0;
				TARGETED_DEVICE_FAMILY = "1,2";
				TEST_TARGET_NAME = CoinPush;
			};
			name = Debug;
		};
		FB4966A61F0304A6008CD42B /* Release */ = {
			isa = XCBuildConfiguration;
			baseConfigurationReference = A7D0A44D6C9BFA58761DB44A /* Pods-CoinPushUITests.release.xcconfig */;
			buildSettings = {
				ALWAYS_EMBED_SWIFT_STANDARD_LIBRARIES = YES;
				DEVELOPMENT_TEAM = J22DH3ZT63;
				INFOPLIST_FILE = CoinPushUITests/Info.plist;
				IPHONEOS_DEPLOYMENT_TARGET = 8.0;
				LD_RUNPATH_SEARCH_PATHS = "$(inherited) @executable_path/Frameworks @loader_path/Frameworks";
				PRODUCT_BUNDLE_IDENTIFIER = "Goods-and-Services.CoinPushUITests";
				PRODUCT_NAME = "$(TARGET_NAME)";
				SWIFT_VERSION = 3.0;
				TARGETED_DEVICE_FAMILY = "1,2";
				TEST_TARGET_NAME = CoinPush;
			};
			name = Release;
		};
/* End XCBuildConfiguration section */

/* Begin XCConfigurationList section */
		FB4966471F0304A5008CD42B /* Build configuration list for PBXProject "CoinPush" */ = {
			isa = XCConfigurationList;
			buildConfigurations = (
				FB4966941F0304A6008CD42B /* Debug */,
				FB4966951F0304A6008CD42B /* Release */,
			);
			defaultConfigurationIsVisible = 0;
			defaultConfigurationName = Release;
		};
		FB49669E1F0304A6008CD42B /* Build configuration list for PBXNativeTarget "CoinPush" */ = {
			isa = XCConfigurationList;
			buildConfigurations = (
				FB49669F1F0304A6008CD42B /* Debug */,
				FB4966A01F0304A6008CD42B /* Release */,
			);
			defaultConfigurationIsVisible = 0;
			defaultConfigurationName = Release;
		};
		FB4966A11F0304A6008CD42B /* Build configuration list for PBXNativeTarget "CoinPushTests" */ = {
			isa = XCConfigurationList;
			buildConfigurations = (
				FB4966A21F0304A6008CD42B /* Debug */,
				FB4966A31F0304A6008CD42B /* Release */,
			);
			defaultConfigurationIsVisible = 0;
			defaultConfigurationName = Release;
		};
		FB4966A41F0304A6008CD42B /* Build configuration list for PBXNativeTarget "CoinPushUITests" */ = {
			isa = XCConfigurationList;
			buildConfigurations = (
				FB4966A51F0304A6008CD42B /* Debug */,
				FB4966A61F0304A6008CD42B /* Release */,
			);
			defaultConfigurationIsVisible = 0;
			defaultConfigurationName = Release;
		};
/* End XCConfigurationList section */
	};
	rootObject = FB4966441F0304A5008CD42B /* Project object */;
}
